
Microsoft Visual Studio Solution File, Format Version 12.00
# Visual Studio Version 17
VisualStudioVersion = 17.14.37216.2 d17.14
MinimumVisualStudioVersion = 10.0.40219.1
Project("{FAE04EC0-301F-11D3-BF4B-00C04F79EFBC}") = "FilmLog.API", "FilmLog.API.csproj", "{06210348-68D4-4EE5-B6FB-FF4A2AC9E1AA}"
EndProject
Project("{FAE04EC0-301F-11D3-BF4B-00C04F79EFBC}") = "FilmLog.Tests", "..\FilmLog.Tests\FilmLog.Tests.csproj", "{8AEC4EBB-D37B-40B9-80B2-80DF81ACCCDD}"
EndProject
Global
	GlobalSection(SolutionConfigurationPlatforms) = preSolution
		Debug|Any CPU = Debug|Any CPU
		Release|Any CPU = Release|Any CPU
	EndGlobalSection
	GlobalSection(ProjectConfigurationPlatforms) = postSolution
		{06210348-68D4-4EE5-B6FB-FF4A2AC9E1AA}.Debug|Any CPU.ActiveCfg = Debug|Any CPU
		{06210348-68D4-4EE5-B6FB-FF4A2AC9E1AA}.Debug|Any CPU.Build.0 = Debug|Any CPU
		{06210348-68D4-4EE5-B6FB-FF4A2AC9E1AA}.Release|Any CPU.ActiveCfg = Release|Any CPU
		{06210348-68D4-4EE5-B6FB-FF4A2AC9E1AA}.Release|Any CPU.Build.0 = Release|Any CPU
		{8AEC4EBB-D37B-40B9-80B2-80DF81ACCCDD}.Debug|Any CPU.ActiveCfg = Debug|Any CPU
		{8AEC4EBB-D37B-40B9-80B2-80DF81ACCCDD}.Debug|Any CPU.Build.0 = Debug|Any CPU
		{8AEC4EBB-D37B-40B9-80B2-80DF81ACCCDD}.Release|Any CPU.ActiveCfg = Release|Any CPU
		{8AEC4EBB-D37B-40B9-80B2-80DF81ACCCDD}.Release|Any CPU.Build.0 = Release|Any CPU
	EndGlobalSection
	GlobalSection(SolutionProperties) = preSolution
		HideSolutionNode = FALSE
	EndGlobalSection
	GlobalSection(ExtensibilityGlobals) = postSolution
		SolutionGuid = {D708EC95-813F-4FE8-9708-35BE88EA4AD1}
	EndGlobalSection
EndGlobal
